Microsoft Visual Studio Solution File, Format Version 12.00
# Visual Studio Version 17
VisualStudioVersion = 17.5.2.0
MinimumVisualStudioVersion = 10.0.40219.1
Project("{2150E333-8FDC-42A3-9474-1A3956D46DE8}") = "src", "src", "{827E0CD3-B72D-47B6-A68D-7590B98EB39B}"
EndProject
Project("{FAE04EC0-301F-11D3-BF4B-00C04F79EFBC}") = "Catalog.API", "src\Catalog.API\Catalog.API.csproj", "{C14C49E7-3D57-F879-AF95-64AB5B0CCA56}"
EndProject
Project("{FAE04EC0-301F-11D3-BF4B-00C04F79EFBC}") = "Basket.API", "src\Basket.API\Basket.API.csproj", "{B2756C06-6B7A-B43F-F124-DC614CA2C524}"
EndProject
Project("{FAE04EC0-301F-11D3-BF4B-00C04F79EFBC}") = "Ordering.API", "src\Ordering.API\Ordering.API.csproj", "{C78FFC87-A926-22B5-E12A-DB453C07340D}"
EndProject
Project("{FAE04EC0-301F-11D3-BF4B-00C04F79EFBC}") = "EventBus.RabbitMQ", "src\Shared\BuildingBlocks\EventBus.RabbitMQ\EventBus.RabbitMQ.csproj", "{856C682C-69C5-68D5-92C0-C90AE557B9CC}"
EndProject
Project("{2150E333-8FDC-42A3-9474-1A3956D46DE8}") = "Building Blocks", "Building Blocks", "{02EA681E-C7D8-13C7-8484-4AC65E1B71E8}"
EndProject
Project("{FAE04EC0-301F-11D3-BF4B-00C04F79EFBC}") = "EventBus", "src\Shared\BuildingBlocks\EventBus\EventBus.csproj", "{D05E51CD-DDEE-4839-AB34-239783956E62}"
EndProject
Project("{2150E333-8FDC-42A3-9474-1A3956D46DE8}") = "Services", "Services", "{CBEC13C2-E061-46AF-BB64-D2380D42E455}"
EndProject
Project("{2150E333-8FDC-42A3-9474-1A3956D46DE8}") = "Auth", "Auth", "{D07099BC-FF0F-4FAC-A7E4-7F7DA8556BAC}"
EndProject
Project("{FAE04EC0-301F-11D3-BF4B-00C04F79EFBC}") = "Auth", "src\Shared\BuildingBlocks\Auth\Auth.csproj", "{EDC97861-3964-4182-A76D-4A10AAB15D37}"
EndProject
Project("{2150E333-8FDC-42A3-9474-1A3956D46DE8}") = "ApiGateway", "ApiGateway", "{C87DD8F2-4D8E-41CD-85F1-7CD6603F67BB}"
EndProject
Project("{FAE04EC0-301F-11D3-BF4B-00C04F79EFBC}") = "ApiGateway", "src\ApiGateway\ApiGateway.csproj", "{967A9878-9005-C8B0-725C-1F34134168DB}"
EndProject
Project("{2150E333-8FDC-42A3-9474-1A3956D46DE8}") = "UserContext", "UserContext", "{2E28B499-59CC-4388-9923-499C12858D94}"
EndProject
Project("{FAE04EC0-301F-11D3-BF4B-00C04F79EFBC}") = "UserContext", "src\Shared\BuildingBlocks\UserContext\UserContext.csproj", "{A30FF8B0-26CB-02EE-1774-2EA59A384675}"
EndProject
Project("{2150E333-8FDC-42A3-9474-1A3956D46DE8}") = "Tests", "Tests", "{AEF0F8DB-8341-45BC-96E0-9DFF7A1E5E98}"
EndProject
Project("{FAE04EC0-301F-11D3-BF4B-00C04F79EFBC}") = "Auth.Tests", "tests\Auth.Tests\Auth.Tests.csproj", "{4DCDAB48-C426-20F7-131A-666D4E50891E}"
EndProject
Global
	GlobalSection(SolutionConfigurationPlatforms) = preSolution
		Debug|Any CPU = Debug|Any CPU
		Release|Any CPU = Release|Any CPU
	EndGlobalSection
	GlobalSection(ProjectConfigurationPlatforms) = postSolution
		{C14C49E7-3D57-F879-AF95-64AB5B0CCA56}.Debug|Any CPU.ActiveCfg = Debug|Any CPU
		{C14C49E7-3D57-F879-AF95-64AB5B0CCA56}.Debug|Any CPU.Build.0 = Debug|Any CPU
		{C14C49E7-3D57-F879-AF95-64AB5B0CCA56}.Release|Any CPU.ActiveCfg = Release|Any CPU
		{C14C49E7-3D57-F879-AF95-64AB5B0CCA56}.Release|Any CPU.Build.0 = Release|Any CPU
		{B2756C06-6B7A-B43F-F124-DC614CA2C524}.Debug|Any CPU.ActiveCfg = Debug|Any CPU
		{B2756C06-6B7A-B43F-F124-DC614CA2C524}.Debug|Any CPU.Build.0 = Debug|Any CPU
		{B2756C06-6B7A-B43F-F124-DC614CA2C524}.Release|Any CPU.ActiveCfg = Release|Any CPU
		{B2756C06-6B7A-B43F-F124-DC614CA2C524}.Release|Any CPU.Build.0 = Release|Any CPU
		{C78FFC87-A926-22B5-E12A-DB453C07340D}.Debug|Any CPU.ActiveCfg = Debug|Any CPU
		{C78FFC87-A926-22B5-E12A-DB453C07340D}.Debug|Any CPU.Build.0 = Debug|Any CPU
		{C78FFC87-A926-22B5-E12A-DB453C07340D}.Release|Any CPU.ActiveCfg = Release|Any CPU
		{C78FFC87-A926-22B5-E12A-DB453C07340D}.Release|Any CPU.Build.0 = Release|Any CPU
		{856C682C-69C5-68D5-92C0-C90AE557B9CC}.Debug|Any CPU.ActiveCfg = Debug|Any CPU
		{856C682C-69C5-68D5-92C0-C90AE557B9CC}.Debug|Any CPU.Build.0 = Debug|Any CPU
		{856C682C-69C5-68D5-92C0-C90AE557B9CC}.Release|Any CPU.ActiveCfg = Release|Any CPU
		{856C682C-69C5-68D5-92C0-C90AE557B9CC}.Release|Any CPU.Build.0 = Release|Any CPU
		{D05E51CD-DDEE-4839-AB34-239783956E62}.Debug|Any CPU.ActiveCfg = Debug|Any CPU
		{D05E51CD-DDEE-4839-AB34-239783956E62}.Debug|Any CPU.Build.0 = Debug|Any CPU
		{D05E51CD-DDEE-4839-AB34-239783956E62}.Release|Any CPU.ActiveCfg = Release|Any CPU
		{D05E51CD-DDEE-4839-AB34-239783956E62}.Release|Any CPU.Build.0 = Release|Any CPU
		{EDC97861-3964-4182-A76D-4A10AAB15D37}.Debug|Any CPU.ActiveCfg = Debug|Any CPU
		{EDC97861-3964-4182-A76D-4A10AAB15D37}.Debug|Any CPU.Build.0 = Debug|Any CPU
		{EDC97861-3964-4182-A76D-4A10AAB15D37}.Release|Any CPU.ActiveCfg = Release|Any CPU
		{EDC97861-3964-4182-A76D-4A10AAB15D37}.Release|Any CPU.Build.0 = Release|Any CPU
		{967A9878-9005-C8B0-725C-1F34134168DB}.Debug|Any CPU.ActiveCfg = Debug|Any CPU
		{967A9878-9005-C8B0-725C-1F34134168DB}.Debug|Any CPU.Build.0 = Debug|Any CPU
		{967A9878-9005-C8B0-725C-1F34134168DB}.Release|Any CPU.ActiveCfg = Release|Any CPU
		{967A9878-9005-C8B0-725C-1F34134168DB}.Release|Any CPU.Build.0 = Release|Any CPU
		{A30FF8B0-26CB-02EE-1774-2EA59A384675}.Debug|Any CPU.ActiveCfg = Debug|Any CPU
		{A30FF8B0-26CB-02EE-1774-2EA59A384675}.Debug|Any CPU.Build.0 = Debug|Any CPU
		{A30FF8B0-26CB-02EE-1774-2EA59A384675}.Release|Any CPU.ActiveCfg = Release|Any CPU
		{A30FF8B0-26CB-02EE-1774-2EA59A384675}.Release|Any CPU.Build.0 = Release|Any CPU
		{4DCDAB48-C426-20F7-131A-666D4E50891E}.Debug|Any CPU.ActiveCfg = Debug|Any CPU
		{4DCDAB48-C426-20F7-131A-666D4E50891E}.Debug|Any CPU.Build.0 = Debug|Any CPU
		{4DCDAB48-C426-20F7-131A-666D4E50891E}.Release|Any CPU.ActiveCfg = Release|Any CPU
		{4DCDAB48-C426-20F7-131A-666D4E50891E}.Release|Any CPU.Build.0 = Release|Any CPU
	EndGlobalSection
	GlobalSection(SolutionProperties) = preSolution
		HideSolutionNode = FALSE
	EndGlobalSection
	GlobalSection(NestedProjects) = preSolution
		{C14C49E7-3D57-F879-AF95-64AB5B0CCA56} = {CBEC13C2-E061-46AF-BB64-D2380D42E455}
		{B2756C06-6B7A-B43F-F124-DC614CA2C524} = {CBEC13C2-E061-46AF-BB64-D2380D42E455}
		{C78FFC87-A926-22B5-E12A-DB453C07340D} = {CBEC13C2-E061-46AF-BB64-D2380D42E455}
		{856C682C-69C5-68D5-92C0-C90AE557B9CC} = {02EA681E-C7D8-13C7-8484-4AC65E1B71E8}
		{02EA681E-C7D8-13C7-8484-4AC65E1B71E8} = {827E0CD3-B72D-47B6-A68D-7590B98EB39B}
		{D05E51CD-DDEE-4839-AB34-239783956E62} = {02EA681E-C7D8-13C7-8484-4AC65E1B71E8}
		{CBEC13C2-E061-46AF-BB64-D2380D42E455} = {827E0CD3-B72D-47B6-A68D-7590B98EB39B}
		{D07099BC-FF0F-4FAC-A7E4-7F7DA8556BAC} = {02EA681E-C7D8-13C7-8484-4AC65E1B71E8}
		{EDC97861-3964-4182-A76D-4A10AAB15D37} = {D07099BC-FF0F-4FAC-A7E4-7F7DA8556BAC}
		{C87DD8F2-4D8E-41CD-85F1-7CD6603F67BB} = {827E0CD3-B72D-47B6-A68D-7590B98EB39B}
		{967A9878-9005-C8B0-725C-1F34134168DB} = {C87DD8F2-4D8E-41CD-85F1-7CD6603F67BB}
		{2E28B499-59CC-4388-9923-499C12858D94} = {02EA681E-C7D8-13C7-8484-4AC65E1B71E8}
		{A30FF8B0-26CB-02EE-1774-2EA59A384675} = {2E28B499-59CC-4388-9923-499C12858D94}
		{AEF0F8DB-8341-45BC-96E0-9DFF7A1E5E98} = {827E0CD3-B72D-47B6-A68D-7590B98EB39B}
		{4DCDAB48-C426-20F7-131A-666D4E50891E} = {AEF0F8DB-8341-45BC-96E0-9DFF7A1E5E98}
	EndGlobalSection
	GlobalSection(ExtensibilityGlobals) = postSolution
		SolutionGuid = {E101D351-75E7-479C-AECF-212FBE100567}
	EndGlobalSection
EndGlobal
